# This file was autogenerated by uv via the following command:
#    uv export --frozen --no-dev --format requirements.txt --no-annotate --no-emit-project --output-file requirements.lock
agno==2.6.5 \
    --hash=sha256:2b18af599ad5386041c7c734f4a2e2f4b7f67c1038e84178a59a5219927cd9e1 \
    --hash=sha256:b3b06a46d3ca03e425754bbb7e3228f0720dc4b7c80710fae44c4b39eb34b1c3
alembic==1.19.0 \
    --hash=sha256:6487c612fc719dcfa22b17d2dd5b2b458929641e6aa2f0b65b135727f5e6d501 \
    --hash=sha256:cf839d3849116aab3cc047e09c6968b9bd6b2fde61b6bb7c1e97352fe5503580
annotated-doc==0.0.5 \
    --hash=sha256:117bac03a25ede5df5440e855b32d556049ca169ead221505badf432fed4b101 \
    --hash=sha256:c7e58ce09192557605d8bbd92836d7e1d520ac9580096042c0bfd197efacf1bb
annotated-types==0.8.0 \
    --hash=sha256:13b2beaad985e05e2d6407ee4c4f35590b11f8d693a258a561055cac8f64cab7 \
    --hash=sha256:f072f4d804ea359e4eaf198b1af7a8b0943881a87f31bb764f8bf219bb9419e0
anyio==4.14.2 \
    --hash=sha256:9f505dda5ac9f0c8309b5e8bd445a8c2bf7246f3ce950121e45ea15bc41d1494 \
    --hash=sha256:cfa139f3ed1a23ee8f88a145ddb5ac7605b8bbfd8592baacd7ce3d8bb4313c7f
boto3==1.43.64 \
    --hash=sha256:2b555e63ece57cffb1ab1666fa6c23a0957e61f9d19ea8424d6c884124c3fd98 \
    --hash=sha256:fc7522c3ed97d38176e0b1366406bca0fc8c888ae8d416bf953477b3f015a7b2
botocore==1.43.65 \
    --hash=sha256:41a13d9a1954d786f90cdbba0be0953fe9b9389f240b5ff71340c4706ea40135 \
    --hash=sha256:eea5440cf4b850d0f4de4f7eda418c325c87de6d8980873f8b636bb482b31d0f
certifi==2026.7.22 \
    --hash=sha256:62f22742b58a1a33014a2b6b706588a8d7e2a88ae7bd1a6ebe8c992928483775 \
    --hash=sha256:741e2c3b351ddf169a738da9f2c048608ff7f2c5cc02f1ebc6b118bb090d5d55
cffi==2.1.1 ; platform_python_implementation != 'PyPy' \
    --hash=sha256:046bfc24911b37851ee1b51aab8bffe713d89c68c6a057b09484ce9fd5f69b4e \
    --hash=sha256:19ee6127ee34de7d83ce3d371ebc5ed91addbdcc39f9ab15ce4eb35a4e534971 \
    --hash=sha256:1aa5645c30469b09530c4ebca77ebf8f17618293c58f8549cb1a543a50236e7d \
    --hash=sha256:208f941bb9d18e768138677f0a6d2ce01f590df56043dda1df1535ac57c88517 \
    --hash=sha256:210019b6c7cf07f081b4c54635c8cf744377001350e29cc0f81c4377b4797735 \
    --hash=sha256:31348097ff5bbe827ccc41795d4dd099d9f0625e7def00ee653c137a490c2a6c \
    --hash=sha256:3143d81e29e1e20a9ce10901ec369012947876596f75a222235965f2b7ae832e \
    --hash=sha256:334644fbac4eff73d985a17a91226df55d0f394160c4cfb880e084c8f7161cac \
    --hash=sha256:4a7c934f7360e8cd64fe9efadcbd10c7c6364f531e432b9a4bf5ccbc9e0e8b50 \
    --hash=sha256:63bbfd5ded17c4840ac07cd8f1c21ba9d9708141f840b324f422f41b207e3973 \
    --hash=sha256:68e62fe11f30d5ca8289242866f0a5291402d8529ca2178ab8afc5c9694ae890 \
    --hash=sha256:6a8dddef476fab96d066d578fc88526767b836ab5ab21754e1d5bf3879c31c7c \
    --hash=sha256:7bde5e4cc5c10140859842b9d383af292b22639a4dffb725314baf45968cef80 \
    --hash=sha256:811bd1e21d32de12efca32393a0ab3f5133b54fce9bd44b8bd77ab07da14bf6a \
    --hash=sha256:9d2055050ea716bd38b7f7f1579c275386646b4894c155a3e2f3cd62ed41b7c6 \
    --hash=sha256:a2d7755bef5a12ed488f4ef1f1b69ee9191d7396083b755a5d2295f6edb4768b \
    --hash=sha256:a931079504ecc49efed7744c476a5c343a92fabf66dec2db95edb1b2fdc770e2 \
    --hash=sha256:aa9511c62d14da7aacc9b4bf51f3f697a621e83b2d6919008243c3aad168eea3 \
    --hash=sha256:b5bdfd1c873d4e093aabc0ca84c4ca6dbc4f752afb5c86f146d9742580c9da2e \
    --hash=sha256:c1453022f490d2459a11819d83ad1d586e9ff65a12ac3e705ffebd46d3685dcf \
    --hash=sha256:c8c69575568085ba0b1b10c0249d779a214aea6f6522e949a0fc9fb0fcb449d0 \
    --hash=sha256:dd31f52ea1086513bb9df30f8fcee9b8918323ae067a3d5b78bc826a000712be \
    --hash=sha256:e0bcb7e0f677f543555d2adff3bf19c05f66cdb4796e5ff602442ab2fe3c4ef7 \
    --hash=sha256:f16c709686a78c727bbbf059f92b0bf41c6fc60deec706d2dc19f529175a6125 \
    --hash=sha256:f53e442b08449d42821fa4a4fba000095af9f62742a500f978a9f557ec44339a \
    --hash=sha256:f81b3b8f3d4e343550fa4baa0e479bba9f2d29ce9c2e9b51d1ce1718d7442fcf \
    --hash=sha256:fcd22650c908d7b7da162bbfaab594a1227a15d1643a98c68b122ac642fa2264
charset-normalizer==3.4.9 \
    --hash=sha256:03d07803992c6c7bbc976327f34b18b6160327fc81cb82c9d504720ac0be3b62 \
    --hash=sha256:21e764fd1e70b6a3e205a0e46f3051701f98a8cb3fad66eeb80e48bb502f8698 \
    --hash=sha256:416c229f77e5ea25b3dfd4b582f8d73d7e43c22320302b9ab128a2d3a0b38efe \
    --hash=sha256:440eede837960000d74978f0eba527be106b5b9aee0daf779d395276ed0b0614 \
    --hash=sha256:45b0cc4e3556cd875e09102988d1ab8356c998b596c9fced84547c8138b487a0 \
    --hash=sha256:4b3dac63058cc36820b0dd072f89898604e2d39686fe05321729d00d8ac185a0 \
    --hash=sha256:51307f5c71007673a2bf8232ad973483d281e74cb99c8c5a990af1eefa6277d9 \
    --hash=sha256:5b10cd92fc5c498b35a8635df6d5a100207f88b63a4dc1de7ef9a548e1e2cd63 \
    --hash=sha256:5e226f6218febc71f6c1fc2fafb91c226f75bdc1d8fb12d66823716e891608fd \
    --hash=sha256:60f44ade2cf573dad7a277e6f8ca9a51a21dda572b13bd7d8539bb3cd5dbedde \
    --hash=sha256:611057cc5d5c0afc743ba8be6bd828c17e0aaa8643f9d0a9b9bb7dea80eb8012 \
    --hash=sha256:673611bbd43f0810bec0b0f028ddeaaa501190339cac411f347ac76917c3ae7b \
    --hash=sha256:68e5f26a1ad57ded6d1cfb85331d1c1a195314756471d97758c48498bb4dcdf5 \
    --hash=sha256:69b157c5d3292bcd443faca052f3096f637f1e074b98212a933c074ae23dc3b8 \
    --hash=sha256:75286256590a6320cf106a0d28970d3560aad9ee09aa7b34fb40524792436d35 \
    --hash=sha256:78841cccf1af7b40f6f716338d50c0902dbe88d9f800b3c973b7a9a0a693a642 \
    --hash=sha256:78fa18e436a1a0e58dbd7e02fc4473f3f32cceb12df9dfca542d075961c307d2 \
    --hash=sha256:7b86a2b16095d250c6f58b3d9b2eee6f4147754344f3dab0922f7c9bf7d226c9 \
    --hash=sha256:84fd18bcc17526fc2b3c1af7d2b9217d32c9c04448c16ec693b9b4f1985c3d33 \
    --hash=sha256:90c44bc373b7687f6948b693cceaea1348ae0975d7474746559494468e3c1d84 \
    --hash=sha256:9104ed0bd76a429d46f9ec0dbc9b08ad1d2dcdf2b00a5a0daa1c145329b35b44 \
    --hash=sha256:9b2aff1c7b3884512b9512c3eaadd9bab39fb45042ffaaa1dd08ff2b9f8109d9 \
    --hash=sha256:9cdef90ae47919cae358d8ab15797a800ed41da7aba5d72419fb510729e2ed4b \
    --hash=sha256:a1786910334ed46ab1dd73222f2cd1e05c2c3bb39f6dddb4f8b36fc382058a39 \
    --hash=sha256:a4fbdde9dd4a9ce5fd52c2b3a347bb50cc89483ef783f1cb00d408c13f7a96c0 \
    --hash=sha256:bd47ba7fc3ca94896759ea0109775132d3e7ab921fbf54038e1bab2e46c313c9 \
    --hash=sha256:e4fd89cc178bced6ad29cb3e6dd4aa63fa5017c3524dbd0b25998fb64a87cc8b \
    --hash=sha256:fe2c7201c642b7c308f1675355ad7ff7b66acfe3541625efe5a3ad38f29d6115
click==8.4.2 \
    --hash=sha256:9a6cea6e60b17ebe0a44c5cc636d94f09bd66142c1cd7d8b4cd731c4917a15f6 \
    --hash=sha256:e6f9f66136c816745b9d65817da91d61d957fb16e02e4dcd0552553c5a197b76
colorama==0.4.6 ; sys_platform == 'win32' \
    --hash=sha256:08695f5cb7ed6e0531a20572697297273c47b8cae5a63ffc6d6ed5c201be6e44 \
    --hash=sha256:4f1d9991f5acc0ca119f9d443620b77f9d6b33703e51011c16baf57afb285fc6
confluent-kafka==2.15.0 \
    --hash=sha256:0455754e8294e1e76cb5acc083c300b6bd8d88f2d2c551c583cbf4ab55889a57 \
    --hash=sha256:2cc8d01a77c534669bb896f731c8917cd63b787618081fdd0d1420d58cd6815b \
    --hash=sha256:41d4c7360c51202785e8e9aa56241dd392b9dbcc311eae7c5e6985b239efc12b \
    --hash=sha256:6e5ea2933c0b07782a99dfdfc9d52e92526e7a61839a6994feb994dcf2a78a74 \
    --hash=sha256:7ad9bad1cbabf6713ec039b8204b48d322024fd11397eec88d912e048c732ba7 \
    --hash=sha256:7c59ea36606e0e946e6b353203136b4d71be6d95c0c8ae5113b81850ff5b7b41 \
    --hash=sha256:b0ac3831aac47ea23699a6ca5b9836288a4b9d201015dbfc4c3ec9f20592fdb5 \
    --hash=sha256:b68e6f441866542c9150e6fdf106131eee5a51db591937888c866d799fb354ec \
    --hash=sha256:e4465a060ab215d5d514b181f3e7502c6fd7887529381c4af940a0b60f9d65cc \
    --hash=sha256:fd833dab1392f456b9dd52b7ed9ac65b2cc36871ed5e3ebe8d53486c965b6453 \
    --hash=sha256:ff43508f8e929d83545272ef4f17e27fdaa9cc8397f77cf2236b22d67de4edc4
cryptography==50.0.0 \
    --hash=sha256:031e2d5dd4bb9caa3ca9c82e5a197fd8ae680232cee62603d1a813f3f07e3d03 \
    --hash=sha256:06a32a980526a6ab9a4b9bf8f7385800791e2bb960903cb6b530e4817509a3b7 \
    --hash=sha256:07949c449a1abcf60d1ee6e88956d89404c7df3c8258f46589e912988e551987 \
    --hash=sha256:105110f43a471dbd0060b9c9516cb8a6a79233631a04cc2ba16f28323ac6e025 \
    --hash=sha256:1489e263a8048bb8b6a8bac662eb2d402ea5d2b7b4699b72f385f1e2772db105 \
    --hash=sha256:2a8183b489dc1f7f80f135780fadc1108f14b31b8a40411c7a5b17425f65f28b \
    --hash=sha256:37fdb0d0111f1e2ff07139dfb79f1b49531f8e213c46f1163dd7642979b58c47 \
    --hash=sha256:65c2c3add92b45fd0709db8594536aea39c2a67af0e27ffcf049c498501140b7 \
    --hash=sha256:6e7d61120573a7f2cd94cc095f9e81f6967c61ccdf194285aa143ecec8e0b708 \
    --hash=sha256:7cec5b856506da6defb290f30c9ee687d5f5e8cb0bd3f6459dde43b0b4fa40ef \
    --hash=sha256:82148ec5bddac30b51a5b3c1945075f896fa022cb93f8e4a01e9f6ee95292c5f \
    --hash=sha256:828743d939e9629bc267b8e2d08d8bb67cd4319c771a33d4b18b22dd8fb7440a \
    --hash=sha256:8d89f3976b10b4ce31118de72329025f70d2c6ead14a8217c5514dd2c6d5a78f \
    --hash=sha256:900131fafd8aead39ac7dd3a7e833be754c17a95cfd91221636949fe4eb0aa8a \
    --hash=sha256:910e1d2668e7de9648f2bcee30e180db2a6b15c30f887d7c4c93ddf96e3992e3 \
    --hash=sha256:a1b30560f2acc95aa8b2e06e716a13dbfc97314747b80d9707e307f77b40d6b3 \
    --hash=sha256:a91296cb61e8df6f86d0c19cc4068228da256bf59bf86049fbd821084565327f \
    --hash=sha256:b42a28c1844fd9de8f3f7d540e36b66f3a9c83fceac7170ebc7a6a19edd9dcae \
    --hash=sha256:bd1c592e4d5974f0d08d4888e432157adba757c66da0246918e43677fafa2d30 \
    --hash=sha256:c87f62a3d3b9888ed0fdde100ec06aa61ca9cd44bad9057d1dff9a516b5f5bb9 \
    --hash=sha256:ccdc4a71a4dabae05de219404f9f4abc38e3b58422177ff93d0da05967dafa07 \
    --hash=sha256:d24fead1d4d076e1bfb006dcec392074a3cd8d7b4fc8a595aa64073b2b7a96ba \
    --hash=sha256:d764dcf130c428ef66786f866dd750f53182bc608813489915e9fc106bb0c82f \
    --hash=sha256:e722f16708d854fe924790e051061f6704a472c3bac347b6fd88033ea8dd0dc5 \
    --hash=sha256:eeac2acb5a20ed25e0ad6d1df9891a520b78b404266b6d11778f25d5d691a6c9 \
    --hash=sha256:f89831ef99dd7dd169ab06d63a831adb9e20a87aac6d380266bbda5823349169 \
    --hash=sha256:fd9192b7b70c573d7f214eb1ae35e00d359f6f5e4b27c7e21e30de1fc6204645
docstring-parser==0.18.0 \
    --hash=sha256:292510982205c12b1248696f44959db3cdd1740237a968ea1e2e7a900eeb2015 \
    --hash=sha256:b3fcbed555c47d8479be0796ef7e19c2670d428d72e96da63f3a40122860374b
eval-type-backport==0.4.0 \
    --hash=sha256:8397d25e6524c2e67b9576bb0636be27dea2192017711220c534ec2de921e9b0 \
    --hash=sha256:ad5e2a8db71b6696a56eafb938b0f5a337d3217f256b8e158b469422b4772b20
fastapi==0.136.1 \
    --hash=sha256:7af665ad7acfa0a3baf8983d393b6b471b9da10ede59c60045f49fbc89a0fa7f \
    --hash=sha256:a6e9d7eeada96c93a4d69cb03836b44fa34e2854accb7244a1ece36cd4781c3f
gitdb==4.0.12 \
    --hash=sha256:5ef71f855d191a3326fcfbc0d5da835f26b13fbcba60c32c21091c349ffdb571 \
    --hash=sha256:67073e15955400952c6565cc3e707c554a4eea2e428946f7a4c162fab9bd9bcf
gitpython==3.1.58 \
    --hash=sha256:621416df10ef3fd0e19fabf9172ddeed0fa704d353d04f194eec56a625a95b22 \
    --hash=sha256:d331e722577f0fd7fc1f857419b3ecc07af66282b933d2a4d95f84a042fdd50f
googleapis-common-protos==1.75.0 \
    --hash=sha256:53a062ff3c32552fbd62c11fe23768b78e4ddf0494d5e5fd97d3f4689c75fbbd \
    --hash=sha256:961ed60399c457ceb0ee8f285a84c870aabc9c6a832b9d37bb281b5bebde43ed
greenlet==3.5.4 ; platform_machine == 'AMD64' or platform_machine == 'WIN32' or platform_machine == 'aarch64' or platform_machine == 'amd64' or platform_machine == 'ppc64le' or platform_machine == 'win32' or platform_machine == 'x86_64' \
    --hash=sha256:0232ae1de90a8e07867bb127d7a6ba2301e859145489f25cda8a6096dabe1d20 \
    --hash=sha256:24e61b88cb7e1b1d794b32a10cc346ac779681d6d74ff137a3e0a444d2bf1f02 \
    --hash=sha256:3d66250e8b09f182ede05490998c818b5961f7a3640332d44c4927caec7bbfe4 \
    --hash=sha256:42afdc1ab5f66da8c586c32af9224a74a706b4f0ea0dc3a4188a0860a09c65c9 \
    --hash=sha256:58023945f421093de5e6fa108c0985a8659d43f49e0216da25099369a121bcbd \
    --hash=sha256:60149df8f462d1b230038e6590c23c3b4768bb5d6c022b3b6e82532b34b0b8a3 \
    --hash=sha256:77d6ce04fed0d9aeed42e0f37923cc43eba9b027bdd9c34546bb4ccd143d0fe0 \
    --hash=sha256:791fdfeeb9c6e0c7b10fa151bf110d2a6974866f13dcb5b1c7efae698245893a \
    --hash=sha256:7c1303791d603080cac6fc3b34df51c3b75b723739c282c8029e48a0d241672f \
    --hash=sha256:870d730fec833f5a06906a32596cc099b9161594642a92a520b7a88911c95356 \
    --hash=sha256:b7a5f095767c4493afcd06067f2bb3b8716e3f3f9e92b99c88e7e99f885b3d4d \
    --hash=sha256:bae2728e1897aa8df8cb1af38cd48b3a743aefe29372de7b8b7a9f532501e69f \
    --hash=sha256:c90e930c9c192e5b3ee9fb8bcd920ea3926155e2e3ded39fc697323addecee17 \
    --hash=sha256:ca5726c0b08ca35ae873557266a78b2c3f3b2b7d7401aa5ff886c2045dd0111c \
    --hash=sha256:d84d993f6e575c950d91a23c1345d18fe1a4310d447bf630849d7809196b52f0 \
    --hash=sha256:ec5ff0d1878df6af3bf9b638a5a92a7d5693291de77c91bff10fa48519c604ef \
    --hash=sha256:f88193799d43dbf8c8a806d6405c9c52fe2af40bf75072a606357b33cc336c7f
h11==0.16.0 \
    --hash=sha256:4e35b956cf45792e4caa5885e69fba00bdbc6ffafbfa020300e549b208ee5ff1 \
    --hash=sha256:63cf8bbe7522de3bf65932fda1d9c2772064ffb3dae62d55932da54b31cb6c86
h2==4.4.1 \
    --hash=sha256:0e25f1462b23c9cb82d9eb02e28bc706dac2a68cb457c6a0d74d63c8a2a5d0e6 \
    --hash=sha256:4e866ffb1a869ae14dd9b5e6beb5c24a13da0495ad72b65925ded182521c1516
hpack==4.2.0 \
    --hash=sha256:0895cfa3b5531fc65fe439c05eb65144f123bf7a394fcaa56aa423548d8e45c0 \
    --hash=sha256:858ac0b02280fa582b5080d68db0899c62a80375e0e5413a74970c5e518b6986
httpcore==1.0.9 \
    --hash=sha256:2d400746a40668fc9dec9810239072b40b4484b640a8c38fd654a024c7a1bf55 \
    --hash=sha256:6e34463af53fd2ab5d807f399a9b45ea31c3dfa2276f15a2c3f00afff6e176e8
httptools==0.8.0 \
    --hash=sha256:0770728beb05094c809b98e814edff5fef69d26ad7d21185f2f6d5884a0ba683 \
    --hash=sha256:2d689918c15a013c65ef52d9fd495d766893ab831a2c8d89f2ac5940a5df847c \
    --hash=sha256:425f83884fd6343828d8c565f046cb72b6d19063f6924093e11bcd8e1548cd09 \
    --hash=sha256:5931891fb7b441b8a3853cf1b85c82c903defce084dd5f6771ca46e31bf862c5 \
    --hash=sha256:614ceea8ea606848bece2338ac03b3ce5324bcb4be8dc7d377ed708012fa4db8 \
    --hash=sha256:6a43c9dd399758ccc0531acb0a3c4a6c299ee893ee9400e9c893b7bdcfae0681 \
    --hash=sha256:6b2a32f18d97e16e90827d7a819ffa8dbd8cc245fc4e1fa9d1095b54ef4bd999 \
    --hash=sha256:7685df791fad561384bfb139e77fde27a1ffd93134e016f95a0db424ffbf77b1 \
    --hash=sha256:880490234c10f70a9830743097e8958d6e4b9f5a0ffc24515023afeef984054d \
    --hash=sha256:88bdd940f2b5d487b4d032c6afa5489a7dc4694410d43de3c38c4fb3af0dc45d \
    --hash=sha256:a1afd7c9fbff0d9f5d489c4ce2768bd09c84a46ddefc7161e6aa82ae35c85745 \
    --hash=sha256:b15fc622b0f869d19207c4089a501d9bcc63ca5e071ffdd2f03f922df882dcb2 \
    --hash=sha256:cd96f29b4bab1d42fa6e3d008711c75e0f79e94e06827330160e3a304227f150 \
    --hash=sha256:eb3028cca2fc0a6d720e52ef61d8ebb62fcbfeb1de56874546d858d3f25a26b7 \
    --hash=sha256:ef7c3c97f4311c7be57e2986629df89d49cb434dbff78eafcd48c2bff986b15a
httpx==0.28.1 \
    --hash=sha256:75e98c5f16b0f35b567856f597f06ff2270a374470a5c2392242528e3e3e42fc \
    --hash=sha256:d909fcccc110f8c7faf814ca82a9a4d816bc5a6dbfea25d6591d6985b8ba59ad
hyperframe==6.1.0 \
    --hash=sha256:b03380493a519fce58ea5af42e4a42317bf9bd425596f7a0835ffce80f1a42e5 \
    --hash=sha256:f630908a00854a7adeabd6382b43923a4c4cd4b821fcb527e6ab9e15382a3b08
idna==3.18 \
    --hash=sha256:7f952cbe720b688055e3f87de14f5c3e5fdaa8bc3928985c4077ca689de849a2 \
    --hash=sha256:ffb385a7e039654cef1ab9ef32c6fafe283c0c0467bba1d9029738ce4a14a848
jmespath==1.1.0 \
    --hash=sha256:472c87d80f36026ae83c6ddd0f1d05d4e510134ed462851fd5f754c8c3cbb88d \
    --hash=sha256:a5663118de4908c91729bea0acadca56526eb2698e83de10cd116ae0f4e97c64
jsonpath-python==1.1.6 \
    --hash=sha256:a1c50afd8d3fbbaf47a4873bc890dcb3c15da96f5c020327977d844d8731a2d4 \
    --hash=sha256:dded9932b4ec41fb8726e09c83afa4e6be618f938c2db287cc2a81723c639671
mako==1.4.1 \
    --hash=sha256:a359d9a94a541213958742b2698d0a7757bb83551767bc468a74b9905aba9617 \
    --hash=sha256:d7904710b662996425a21627710c4777c45053146942cf8a7aebf757c92b8c27
markdown-it-py==4.2.0 \
    --hash=sha256:04a21681d6fbb623de53f6f364d352309d4094dd4194040a10fd51833e418d49 \
    --hash=sha256:9f7ebbcd14fe59494226453aed97c1070d83f8d24b6fc3a3bcf9a38092641c4a
markupsafe==3.0.3 \
    --hash=sha256:116bb52f642a37c115f517494ea5feb03889e04df47eeff5b130b1808ce7c219 \
    --hash=sha256:12c63dfb4a98206f045aa9563db46507995f7ef6d83b2f68eda65c307c6829eb \
    --hash=sha256:133a43e73a802c5562be9bbcd03d090aa5a1fe899db609c29e8c8d815c5f6de6 \
    --hash=sha256:1872df69a4de6aead3491198eaf13810b565bdbeec3ae2dc8780f14458ec73ce \
    --hash=sha256:1b4b79e8ebf6b55351f0d91fe80f893b4743f104bff22e90697db1590e47a218 \
    --hash=sha256:218551f6df4868a8d527e3062d0fb968682fe92054e89978594c28e642c43a73 \
    --hash=sha256:26a5784ded40c9e318cfc2bdb30fe164bdb8665ded9cd64d500a34fb42067b1c \
    --hash=sha256:3524b778fe5cfb3452a09d31e7b5adefeea8c5be1d43c4f810ba09f2ceb29d37 \
    --hash=sha256:35add3b638a5d900e807944a078b51922212fb3dedb01633a8defc4b01a3c85f \
    --hash=sha256:3a7e8ae81ae39e62a41ec302f972ba6ae23a5c5396c8e60113e9066ef893da0d \
    --hash=sha256:4e885a3d1efa2eadc93c894a21770e4bc67899e3543680313b09f139e149ab19 \
    --hash=sha256:509fa21c6deb7a7a273d629cf5ec029bc209d1a51178615ddf718f5918992ab9 \
    --hash=sha256:69c0b73548bc525c8cb9a251cddf1931d1db4d2258e9599c28c07ef3580ef354 \
    --hash=sha256:722695808f4b6457b320fdc131280796bdceb04ab50fe1795cd540799ebe1698 \
    --hash=sha256:77f0643abe7495da77fb436f50f8dab76dbc6e5fd25d39589a0f1fe6548bfa2b \
    --hash=sha256:795e7751525cae078558e679d646ae45574b47ed6e7771863fcc079a6171a0fc \
    --hash=sha256:7e68f88e5b8799aa49c85cd116c932a1ac15caaa3f5db09087854d218359e485 \
    --hash=sha256:83891d0e9fb81a825d9a6d61e3f07550ca70a076484292a70fde82c4b807286f \
    --hash=sha256:8485f406a96febb5140bfeca44a73e3ce5116b2501ac54fe953e488fb1d03b12 \
    --hash=sha256:8709b08f4a89aa7586de0aadc8da56180242ee0ada3999749b183aa23df95025 \
    --hash=sha256:8f71bc33915be5186016f675cd83a1e08523649b0e33efdb898db577ef5bb009 \
    --hash=sha256:94c6f0bb423f739146aec64595853541634bde58b2135f27f61c1ffd1cd4d16a \
    --hash=sha256:9a1abfdc021a164803f4d485104931fb8f8c1efd55bc6b748d2f5774e78b62c5 \
    --hash=sha256:9b79b7a16f7fedff2495d684f2b59b0457c3b493778c9eed31111be64d58279f \
    --hash=sha256:a4afe79fb3de0b7097d81da19090f4df4f8d3a2b3adaa8764138aac2e44f3af1 \
    --hash=sha256:ad2cf8aa28b8c020ab2fc8287b0f823d0a7d8630784c31e9ee5edea20f406287 \
    --hash=sha256:b8512a91625c9b3da6f127803b166b629725e68af71f8184ae7e7d54686a56d6 \
    --hash=sha256:bdd37121970bfd8be76c5fb069c7751683bdf373db1ed6c010162b2a130248ed \
    --hash=sha256:be8813b57049a7dc738189df53d69395eba14fb99345e0a5994914a3864c8a4b \
    --hash=sha256:ccfcd093f13f0f0b7fdd0f198b90053bf7b2f02a3927a30e63f3ccc9df56b676 \
    --hash=sha256:d53197da72cc091b024dd97249dfc7794d6a56530370992a5e1a08983ad9230e \
    --hash=sha256:d6dd0be5b5b189d31db7cda48b91d7e0a9795f31430b7f271219ab30f1d3ac9d \
    --hash=sha256:d88b440e37a16e651bda4c7c2b930eb586fd15ca7406cb39e211fcff3bf3017d \
    --hash=sha256:e1cf1972137e83c5d4c136c43ced9ac51d0e124706ee1c8aa8532c1287fa8795
mdurl==0.1.2 \
    --hash=sha256:84008a41e51615a49fc9966191ff91509e3c40b939176e643fd50a5c2196b8f8 \
    --hash=sha256:bb413d29f5eea38f31dd4754dd7377d4465116fb207585f97bf925588687c1ba
mistralai==2.9.2 \
    --hash=sha256:50d98863aea6588d825a962aa3684361d1446d9f6f4530028705dac2799603ed \
    --hash=sha256:9d90b85b25c409e50aabe150350aa680f71e0803c0273d177a0379912f73bc45
nexus-rpc==1.4.0 \
    --hash=sha256:14c953d3519113f8ccec533a9efdb6b10c28afef75d11cdd6d422640c40b3a49 \
    --hash=sha256:3b8b373d4865671789cc43623e3dc0bcbf192562e40e13727e17f1c149050fba
opentelemetry-api==1.44.0 \
    --hash=sha256:67647e5e9566edcf421166fdf022b3537f818635daa852b289e34604dc6fb33a \
    --hash=sha256:94b98c893a91b88657eaac1e3ba89618cdb85be6918196705354f34728b2cdef
opentelemetry-exporter-otlp-proto-common==1.44.0 \
    --hash=sha256:9a9fe61bba73d802904bc989f1d6b4a7b1ee40f06c40e98d6f85af65aaebb694 \
    --hash=sha256:dc87a5a5bc58f149a56d1547e4691588fa12994cdc3bc039a694ccb3375862ac
opentelemetry-exporter-otlp-proto-http==1.44.0 \
    --hash=sha256:838592fce774c1c8bb7b9a0a7facbfa82e17be5a8a4e94cef10cb84ae026bae3 \
    --hash=sha256:c633d7270ad6b57cd4cfbe8b0007a9e2e7c0cb50bd6c50fe2a7b245f721a09d8
opentelemetry-proto==1.44.0 \
    --hash=sha256:898b155a0e1557afd867478fb6158e8122a46329ca0bb8dc53cc55e98f017f56 \
    --hash=sha256:c547a79c2f8c0c515d31509154682e5921c7cfd5ca67b70e1f9266e2c3e103f3
opentelemetry-sdk==1.44.0 \
    --hash=sha256:cebe7f65dc12f26ead75c6064de12fd2a9052e5060c0272d402cfa203aae123b \
    --hash=sha256:df081c4c6bcfdb1211e3e86140376792643128a25f8d72d1d27675936e7e96ad
opentelemetry-semantic-conventions==0.65b0 \
    --hash=sha256:1cacde7b0ad306f84c5ef08c3dbe1bbaf20165bba6f8bff43b670e555a086bcb \
    --hash=sha256:f9b2b81e9d5b64f11bc952075e7e9c7fb0aab075c7fd1c46d597f1b919852d60
packaging==26.3 \
    --hash=sha256:94edc256424af38762eb31306eed28beb9f0efc50a8837492c9d6fd6004aed79 \
    --hash=sha256:d7193f7c8e4e93f444fde0262bf90af30e16fa0ad0ad44cb553c87339b23cd1c
protobuf==7.35.1 \
    --hash=sha256:11d6b0ec246892d85215b0a13ca6e0233cf5284b68f0ac02646427f4ff88a799 \
    --hash=sha256:230a75ddfc2de4806e56696ce9640c1cdfdb6543b7cfce98d42a4c0a0e7bdb87 \
    --hash=sha256:24f857477359a85c0c235261b8ba905fd51b2562f4a64ca1df5473f29850cbf6 \
    --hash=sha256:353652e4efd0bca5b5fc2656abf8307ef351f0cf938c9eba09f0e09c20a25c30 \
    --hash=sha256:4bc97768d8fe4ad6743c8a19403e314511ed9f6d13205b687e52421c023ac1b9 \
    --hash=sha256:74758715c53d7158fb76caf4f0cfdacc5329a4b1bb994f865d6cf302d413a1c4 \
    --hash=sha256:b73f9489a4b8b1c9cb1f8ed951c736392592edb24b9d6819f36d2e10b171d5b4 \
    --hash=sha256:ce115a26fe0c39a2c29973d914d327e516a6455464489fe3cd1e51a1b354f81a
psycopg==3.3.4 \
    --hash=sha256:b6bbc25ccf05c8fad3b061d9db2ef0909a555171b84b07f29458a447253d679a \
    --hash=sha256:e21207764952cff81b6b8bdacad9a3939f2793367fdac2987b3aac36a651b5bc
psycopg-binary==3.3.4 ; implementation_name != 'pypy' \
    --hash=sha256:018fbed325936da502feb546642c982dcc4b9ffdea32dfef78dbf3b7f7ad4070 \
    --hash=sha256:136f199a407b5348b9b857c504aff60c77622a28482e7195839ce1b51238c4cc \
    --hash=sha256:17a21953a9e5ff3a16dab692625a3676e2f101db5e40072f39dbee2250194d68 \
    --hash=sha256:1dc1f79fd16bb1f3f4421417a514607539f17804d95c7ed617265369d1981cae \
    --hash=sha256:26df2717e59c0473e4465a97dfb1b7afebaa479277870fd5784d1436470db47c \
    --hash=sha256:494ca54901be8cf9eb7e02c25b731f2317c378efa44f43e8f9bd0e1184ae7be4 \
    --hash=sha256:580ae30a5f95ccd90008ec697d3ed6a4a2047a516407ad904283fa42086936e9 \
    --hash=sha256:5ab28a2a7649df3b72e6b674b4c190e448e8e77cf496a65bd846472048de2089 \
    --hash=sha256:5c4ab71be17bdca30cb34c34c4e1496e2f5d6f20c199c12bad226070b22ef9bf \
    --hash=sha256:6402a9d8146cf4b3974ded3fd28a971e83dc6a0333eb7822524a3aa20b546578 \
    --hash=sha256:71e55ccbdfae79a2ed9c6369c3008a3025817ff9d7e27b32a2d84e2a4267e66e \
    --hash=sha256:75a9067e236f9b9ae3535b66fe99bddb33d39c0de10112e49b9ab11eee53dc31 \
    --hash=sha256:773d573e11f437ce0bdb95b7c18dc58390494f96d43f8b45b9760436114f7652 \
    --hash=sha256:77df19583501ea288eaf15ac0fe7ad01e6d8091a91d5c41df5c718f307d8e31b \
    --hash=sha256:b56b603ebcea8aa10b46228b8410ba7f13e7c2ee54389d4d9be0927fd8ce2a70 \
    --hash=sha256:b6f5a29e9c775b9f12a1a717aa7a2c80f9e1db6f27ba44a5b59c80ac61d2ffcf \
    --hash=sha256:c677c4ad433cb7150c8cd304a0769ae3bcfbe5ea0676eb53faa7b1443b16d0d3 \
    --hash=sha256:dbfdb9b6cc79f31104a7b162a2b921b765fcc62af6c00540a167a8de47e4ed38 \
    --hash=sha256:e7510c37550f91a187e3660a8cc50d4b760f8c3b8b2f89ebc5698cd2c7f2c85d \
    --hash=sha256:eb05ee1c2b817d27c537333224c9e83c7afb86fe7296ba970990068baf819b16 \
    --hash=sha256:ee17a2cf4943cde261adfad1bbc5bf38d6b3776d7afff74c7cabcbeaeb08c260 \
    --hash=sha256:fbd1d4ed566895ad2d3bf4ddfd8bae90026930ddf29df3b9d91d32c8c47866a7
pycparser==3.0 ; implementation_name != 'PyPy' and platform_python_implementation != 'PyPy' \
    --hash=sha256:600f49d217304a5902ac3c37e1281c9fe94e4d0489de643a9504c5cdfdfc6b29 \
    --hash=sha256:b727414169a36b7d524c1c3e31839a521725078d7b2ff038656844266160a992
pydantic==2.12.2 \
    --hash=sha256:25ff718ee909acd82f1ff9b1a4acfd781bb23ab3739adaa7144f19a6a4e231ae \
    --hash=sha256:7b8fa15b831a4bbde9d5b84028641ac3080a4ca2cbd4a621a661687e741624fd
pydantic-core==2.41.4 \
    --hash=sha256:025ba34a4cf4fb32f917d5d188ab5e702223d3ba603be4d8aca2f82bede432a4 \
    --hash=sha256:19f3684868309db5263a11bace3c45d93f6f24afa2ffe75a647583df22a2ff89 \
    --hash=sha256:1affa4798520b148d7182da0615d648e752de4ab1a9566b7471bc803d88a062d \
    --hash=sha256:285b643d75c0e30abda9dc1077395624f314a37e3c09ca402d4015ef5979f1a2 \
    --hash=sha256:304c54176af2c143bd181d82e77c15c41cbacea8872a2225dd37e6544dce9999 \
    --hash=sha256:3a95d4590b1f1a43bf33ca6d647b990a88f4a3824a8c4572c708f0b45a5290ed \
    --hash=sha256:4a9ab037b71927babc6d9e7fc01aea9e66dc2a4a34dff06ef0724a4049629f94 \
    --hash=sha256:4f5d640aeebb438517150fdeec097739614421900e4a08db4a3ef38898798537 \
    --hash=sha256:664b3199193262277b8b3cd1e754fb07f2c6023289c815a1e1e8fb415cb247b1 \
    --hash=sha256:70e47929a9d4a1905a67e4b687d5946026390568a8e952b92824118063cee4d5 \
    --hash=sha256:7b74e18052fea4aa8dea2fb7dbc23d15439695da6cbe6cfc1b694af1115df09d \
    --hash=sha256:833eebfd75a26d17470b58768c1834dfc90141b7afc6eb0429c21fc5a21dcfb8 \
    --hash=sha256:84d8854db5f55fead3b579f04bda9a36461dab0730c5d570e1526483e7bb8431 \
    --hash=sha256:85e050ad9e5f6fe1004eec65c914332e52f429bc0ae12d6fa2092407a462c746 \
    --hash=sha256:94dab0940b0d1fb28bcab847adf887c66a27a40291eedf0b473be58761c9799a \
    --hash=sha256:98f348cbb44fae6e9653c1055db7e29de67ea6a9ca03a5fa2c2e11a47cff0e47 \
    --hash=sha256:9be1c01adb2ecc4e464392c36d17f97e9110fbbc906bcbe1c943b5b87a74aabd \
    --hash=sha256:a1351f5bbdbbabc689727cb91649a00cb9ee7203e0a6e54e9f5ba9e22e384b84 \
    --hash=sha256:a870c307bf1ee91fc58a9a61338ff780d01bfae45922624816878dce784095d2 \
    --hash=sha256:ab06d77e053d660a6faaf04894446df7b0a7e7aba70c2797465a0a1af00fc887 \
    --hash=sha256:b9f5f30c402ed58f90c70e12eff65547d3ab74685ffe8283c719e6bead8ef53f \
    --hash=sha256:bd8a5028425820731d8c6c098ab642d7b8b999758e24acae03ed38a66eca8335 \
    --hash=sha256:c53ff33e603a9c1179a9364b0a24694f183717b2e0da2b5ad43c316c956901b2 \
    --hash=sha256:d081a1f3800f05409ed868ebb2d74ac39dd0c1ff6c035b5162356d76030736d4 \
    --hash=sha256:d25e97bc1f5f8f7985bdc2335ef9e73843bb561eb1fa6831fdfc295c1c2061cf \
    --hash=sha256:d405d14bea042f166512add3091c1af40437c2e7f86988f3915fabd27b1e9cd2 \
    --hash=sha256:d682cf1d22bab22a5be08539dca3d1593488a99998f9f412137bc323179067ff \
    --hash=sha256:d95b253b88f7d308b1c0b417c4624f44553ba4762816f94e6986819b9c273fb2 \
    --hash=sha256:dd96e5d15385d301733113bcaa324c8bcf111275b7675a9c6e88bfb19fc05e3b \
    --hash=sha256:de7c42f897e689ee6f9e93c4bec72b99ae3b32a2ade1c7e4798e690ff5246e02 \
    --hash=sha256:e4dab9484ec605c3016df9ad4fd4f9a390bc5d816a3b10c6550f8424bb80b18c \
    --hash=sha256:e7393f1d64792763a48924ba31d1e44c2cfbc05e3b1c2c9abb4ceeadd912cced \
    --hash=sha256:ec22626a2d14620a83ca583c6f5a4080fa3155282718b6055c2ea48d3ef35970 \
    --hash=sha256:ecde6dedd6fff127c273c76821bb754d793be1024bc33314a120f83a3c69460c \
    --hash=sha256:ed97fd56a561f5eb5706cebe94f1ad7c13b84d98312a05546f2ad036bafe87f4 \
    --hash=sha256:f52679ff4218d713b3b33f88c89ccbf3a5c2c12ba665fb80ccc4192b4608dbab \
    --hash=sha256:f8e49c9c364a7edcbe2a310f12733aad95b022495ef2a8d653f645e5d20c1564 \
    --hash=sha256:f9672ab4d398e1b602feadcffcdd3af44d5f5e6ddc15bc7d15d376d47e8e19f8
pydantic-settings==2.14.2 \
    --hash=sha256:a20c97b37910b6550d5ea50fbcc2d4187defe58cd57070b73863d069419c9440 \
    --hash=sha256:c19dd64b19097f1de80184f0cc7b0272a13ae6e170cbf240a3e27e381ed14a5f
pygments==2.20.0 \
    --hash=sha256:6757cd03768053ff99f3039c1a36d6c0aa0b263438fcab17520b30a303a82b5f \
    --hash=sha256:81a9e26dd42fd28a23a2d169d86d7ac03b46e2f8b59ed4698fb4785f946d0176
pyjwt==2.10.1 \
    --hash=sha256:3cc5772eb20009233caf06e9d8a0577824723b44e6648ee0a2aedb6cf9381953 \
    --hash=sha256:dcdd193e30abefd5debf142f9adfcdd2b58004e644f25406ffaebd50bd98dacb
python-dateutil==2.9.0.post0 \
    --hash=sha256:37dd54208da7e1cd875388217d5e00ebd4179249f90fb72437e91a35459a0ad3 \
    --hash=sha256:a8b2bc7bffae282281c8140a97d3aa9c14da0b136dfe83f850eea9a5f7470427
python-dotenv==1.2.2 \
    --hash=sha256:1d8214789a24de455a8b8bd8ae6fe3c6b69a5e3d64aa8a8e5d68e694bbcb285a \
    --hash=sha256:2c371a91fbd7ba082c2c1dc1f8bf89ca22564a087c2c287cd9b662adde799cf3
python-multipart==0.0.32 \
    --hash=sha256:be54b7f3fa167bb83e4fcd936b887b708f4e57fe75911c02aebf53efaf8d938e \
    --hash=sha256:ff6d3f776f16878c894e52e107296ffc890e913c611b1a4ec6c44e2821fe2e23
pyyaml==6.0.3 \
    --hash=sha256:0f29edc409a6392443abf94b9cf89ce99889a1dd5376d94316ae5145dfedd5d6 \
    --hash=sha256:2283a07e2c21a2aa78d9c4442724ec1eb15f5e42a723b99cb3d822d48f5f7ad1 \
    --hash=sha256:41715c910c881bc081f1e8872880d3c650acf13dfa8214bad49ed4cede7c34ea \
    --hash=sha256:5498cd1645aa724a7c71c8f378eb29ebe23da2fc0d7a08071d89469bf1d2defb \
    --hash=sha256:5fcd34e47f6e0b794d17de1b4ff496c00986e1c83f7ab2fb8fcfe9616ff7477b \
    --hash=sha256:5fdec68f91a0c6739b380c83b951e2c72ac0197ace422360e6d5a959d8d97b2c \
    --hash=sha256:64386e5e707d03a7e172c0701abfb7e10f0fb753ee1d773128192742712a98fd \
    --hash=sha256:79005a0d97d5ddabfeeea4cf676af11e647e41d81c9a7722a193022accdb6b7c \
    --hash=sha256:7f047e29dcae44602496db43be01ad42fc6f1cc0d8cd6c83d342306c32270196 \
    --hash=sha256:8da9669d359f02c0b91ccc01cac4a67f16afec0dac22c2ad09f46bee0697eba8 \
    --hash=sha256:8dc52c23056b9ddd46818a57b78404882310fb473d63f17b07d5c40421e47f8e \
    --hash=sha256:9149cad251584d5fb4981be1ecde53a1ca46c891a79788c0df828d2f166bda28 \
    --hash=sha256:96b533f0e99f6579b3d4d4995707cf36df9100d67e0c8303a0c55b27b5f99bc5 \
    --hash=sha256:a33284e20b78bd4a18c8c2282d549d10bc8408a2a7ff57653c0cf0b9be0afce5 \
    --hash=sha256:ba1cc08a7ccde2d2ec775841541641e4548226580ab850948cbfda66a1befcdc \
    --hash=sha256:d0eae10f8159e8fdad514efdc92d74fd8d682c933a6dd088030f3834bc8e6b26 \
    --hash=sha256:d76623373421df22fb4cf8817020cbb7ef15c725b9d5e45f17e189bfc384190f \
    --hash=sha256:eda16858a3cab07b80edaf74336ece1f986ba330fdb8ee0d6c0d68fe82bc96be \
    --hash=sha256:ee2922902c45ae8ccada2c5b501ab86c36525b883eff4255313a253a3160861c \
    --hash=sha256:f7057c9a337546edc7973c0d3ba84ddcdf0daa14533c2065749c9075001090e6 \
    --hash=sha256:fc09d0aa354569bc501d4e787133afc08552722d3ab34836a80547331bb5d4a0
redis==8.1.0 \
    --hash=sha256:6e1a19beef9225c83efd689c7e6b7da2d5215b1f42cd13b7fc3714d0a09c7b25 \
    --hash=sha256:a4fe1aac3d3b3cc791d4b3d5931c5a956045dc951ee74d1c913ee3ac4d2ee9fb
requests==2.34.2 \
    --hash=sha256:2a0d60c172f83ac6ab31e4554906c0f3b3588d37b5cb939b1c061f4907e278e0 \
    --hash=sha256:f288924cae4e29463698d6d60bc6a4da69c89185ad1e0bcc4104f584e960b9ed
rich==15.0.0 \
    --hash=sha256:33bd4ef74232fb73fe9279a257718407f169c09b78a87ad3d296f548e27de0bb \
    --hash=sha256:edd07a4824c6b40189fb7ac9bc4c52536e9780fbbfbddf6f1e2502c31b068c36
s3transfer==0.19.2 \
    --hash=sha256:ba0309fd86be3c27dbf78cdd813c13c5e1df16e5874b99d2535ebbdfb9892993 \
    --hash=sha256:d8168eccca828cbb2cd573675333f3bddd254313a9c42494b84c76b539e8ba25
shellingham==1.5.4 \
    --hash=sha256:7ecfff8f2fd72616f7481040475a65b2bf8af90a56c89140852d1120324e8686 \
    --hash=sha256:8dbca0739d487e5bd35ab3ca4b36e11c4078f3a234bfce294b0a0291363404de
six==1.17.0 \
    --hash=sha256:4721f391ed90541fddacab5acf947aa0d3dc7d27b2e1e8eda2be8970586c3274 \
    --hash=sha256:ff70335d468e7eb6ec65b95b99d3a2836546063f63acc5171de367e834932a81
smmap==5.0.3 \
    --hash=sha256:4d9debb8b99007ae47165abc08670bd74cb74b5227dda7f643eccc4e9eb5642c \
    --hash=sha256:c106e05d5a61449cf6ba9a1e650227ecfb141590d2a98412103ff35d89fc7b2f
sqlalchemy==2.0.49 \
    --hash=sha256:12b04d1db2663b421fe072d638a138460a51d5a862403295671c4f3987fb9148 \
    --hash=sha256:22d8798819f86720bc646ab015baff5ea4c971d68121cb36e2ebc2ee43ead2b7 \
    --hash=sha256:24bd94bb301ec672d8f0623eba9226cc90d775d25a0c92b5f8e4965d7f3a1518 \
    --hash=sha256:3bb9ec6436a820a4c006aad1ac351f12de2f2dbdaad171692ee457a02429b672 \
    --hash=sha256:46796877b47034b559a593d7e4b549aba151dae73f9e78212a3478161c12ab08 \
    --hash=sha256:47604cb2159f8bbd5a1ab48a714557156320f20871ee64d550d8bf2683d980d3 \
    --hash=sha256:4bbccb45260e4ff1b7db0be80a9025bb1e6698bdb808b83fff0000f7a90b2c0b \
    --hash=sha256:55250fe61d6ebfd6934a272ee16ef1244e0f16b7af6cd18ab5b1fc9f08631db0 \
    --hash=sha256:618a308215b6cececb6240b9abde545e3acdabac7ae3e1d4e666896bf5ba44b4 \
    --hash=sha256:83101a6930332b87653886c01d1ee7e294b1fe46a07dd9a2d2b4f91bcc88eec0 \
    --hash=sha256:8d6efc136f44a7e8bc8088507eaabbb8c2b55b3dbb63fe102c690da0ddebe55e \
    --hash=sha256:8e20e511dc15265fb433571391ba313e10dd8ea7e509d51686a51313b4ac01a2 \
    --hash=sha256:9b1c058c171b739e7c330760044803099c7fff11511e3ab3573e5327116a9c33 \
    --hash=sha256:9c4969a86e41454f2858256c39bdfb966a20961e9b58bf8749b65abf447e9a8d \
    --hash=sha256:a143af2ea6672f2af3f44ed8f9cd020e9cc34c56f0e8db12019d5d9ecf41cb3b \
    --hash=sha256:a51d3db74ba489266ef55c7a4534eb0b8db9a326553df481c11e5d7660c8364d \
    --hash=sha256:b9870d15ef00e4d0559ae10ee5bc71b654d1f20076dbe8bc7ed19b4c0625ceba \
    --hash=sha256:d15950a57a210e36dd4cec1aac22787e2a4d57ba9318233e2ef8b2daf9ff2d5f \
    --hash=sha256:df2d441bacf97022e81ad047e1597552eb3f83ca8a8f1a1fdd43cd7fe3898120 \
    --hash=sha256:e06e617e3d4fd9e51d385dfe45b077a41e9d1b033a7702551e3278ac597dc750 \
    --hash=sha256:ec44cfa7ef1a728e88ad41674de50f6db8cfdb3e2af84af86e0041aaf02d43d0 \
    --hash=sha256:fb37f15714ec2652d574f021d479e78cd4eb9d04396dca36568fdfffb3487982
starlette==1.4.1 \
    --hash=sha256:7d078e0fbefae0d2cecfb80a799d6fb84b1c0c6acd4f14ac79d17d0e7ec27f19 \
    --hash=sha256:b7332de6e9375593a29ba9eee1e6ecfeb3eb2043e2e19a13b4b71da73ff35540
temporalio==1.31.0 \
    --hash=sha256:04d26f0f634f5325f6a19a45cd67cc5a2da4bd35268d27997f6723134d38c8be \
    --hash=sha256:2993f4b880170825414116dec7d7159a5d199efc279f29570be6b5c4a9f6edd5 \
    --hash=sha256:52f8cc7f0b5a19d49f0c2d748420267aaacc2be0bb614743de8d10faf77a57c9 \
    --hash=sha256:5f9aaf06000768eb80cf5774457d227379dae455a3099aa0a18c4dca631c0d27 \
    --hash=sha256:9e840b462125274cb0d4748e7cedc386c303b2a51bf76bab30b96f1ebbc657ae \
    --hash=sha256:aa6e9602829584b22037da6ccf99d2e089f02cec86ee7178206b1afb115cf092 \
    --hash=sha256:abbfb486ba00053ccfa57c9c38b38f80f5dbfd08c67beb7a621515a57a9b9e9b \
    --hash=sha256:f23f36d0e5d2e67f2129fc1cb876cf1e4e614f791a717d692f7c15fb732abe41
typer==0.27.1 \
    --hash=sha256:53150287edd11baeb4e4722c8e394fcdf8181c0ae89485cba8d25c778d5edd56 \
    --hash=sha256:a79bef8469a79c45498e7b814ecf8d603cc7644e9acbd9e19cac0334240b18df
types-protobuf==7.34.1.20260518 \
    --hash=sha256:28cfaded25889cb83ebfb63cfb0a43628f0b6f3785767bec17287dc6468795f2 \
    --hash=sha256:a0a5337413347166439c0e07cbc26c6164d091401c6f01b1dfd8cdb966c4dd8f
typing-extensions==4.16.0 \
    --hash=sha256:481caa481374e813c1b176ada14e97f1f67a4539ce9cfeb3f350d78d6370c2e8 \
    --hash=sha256:dc983d19a509c94dba722ee6abd33940f7c05a89e243c47e907eb4db6f1a43e5
typing-inspection==0.4.2 \
    --hash=sha256:4ed1cacbdc298c220f1bd249ed5287caa16f34d44ef4e9c3d0cbad5b521545e7 \
    --hash=sha256:ba561c48a67c5958007083d386c3295464928b01faa735ab8547c5692e87f464
tzdata==2026.3 ; sys_platform == 'win32' \
    --hash=sha256:4a1518b8993086a7982523e071643f3c0e5f213e75b21318e78bcabfff9d1415 \
    --hash=sha256:dc096730c87af6cab1b171c9d532be840741ff5d459015e7f6947bd7d7e54931
urllib3==2.7.0 \
    --hash=sha256:231e0ec3b63ceb14667c67be60f2f2c40a518cb38b03af60abc813da26505f4c \
    --hash=sha256:9fb4c81ebbb1ce9531cce37674bbc6f1360472bc18ca9a553ede278ef7276897
uvicorn==0.30.0 \
    --hash=sha256:78fa0b5f56abb8562024a59041caeb555c86e48d0efdd23c3fe7de7a4075bdab \
    --hash=sha256:f678dec4fa3a39706bbf49b9ec5fc40049d42418716cea52b53f07828a60aa37
uvloop==0.22.1 ; platform_python_implementation != 'PyPy' and sys_platform != 'cygwin' and sys_platform != 'win32' \
    --hash=sha256:0530a5fbad9c9e4ee3f2b33b148c6a64d47bbad8000ea63704fa8260f4cf728e \
    --hash=sha256:1cdf5192ab3e674ca26da2eada35b288d2fa49fdd0f357a19f0e7c4e7d5077c8 \
    --hash=sha256:1f38ec5e3f18c8a10ded09742f7fb8de0108796eb673f30ce7762ce1b8550cad \
    --hash=sha256:512fec6815e2dd45161054592441ef76c830eddaad55c8aa30952e6fe1ed07c0 \
    --hash=sha256:51eb9bd88391483410daad430813d982010f9c9c89512321f5b60e2cddbdddd6 \
    --hash=sha256:561577354eb94200d75aca23fbde86ee11be36b00e52a4eaf8f50fb0c86b7705 \
    --hash=sha256:6c84bae345b9147082b17371e3dd5d42775bddce91f885499017f4607fdaf39f \
    --hash=sha256:6e2ea3d6190a2968f4a14a23019d3b16870dd2190cd69c8180f7c632d21de68d \
    --hash=sha256:700e674a166ca5778255e0e1dc4e9d79ab2acc57b9171b79e65feba7184b3370 \
    --hash=sha256:7b5b1ac819a3f946d3b2ee07f09149578ae76066d70b44df3fa990add49a82e4 \
    --hash=sha256:bc5ef13bbc10b5335792360623cc378d52d7e62c2de64660616478c32cd0598e \
    --hash=sha256:e047cc068570bac9866237739607d1313b9253c3051ad84738cbb095be0537b2 \
    --hash=sha256:fe94b4564e865d968414598eea1a6de60adba0c040ba4ed05ac1300de402cd42
watchfiles==1.2.0 \
    --hash=sha256:01859b11fd9fbca670f4d5da00fbac282cfea9bd67a2125d8b2833a3b5617ea9 \
    --hash=sha256:01ea8d66f0693b9b60a6541c8d10263091ca9a9060d242f3c1f3143f9aad2c98 \
    --hash=sha256:0cb4d80e212f116474a545c21c912b445f16bb0cef9e6a73a498164223e14e2f \
    --hash=sha256:10d86db20695afe7997ac9e1717637d6714a8d0220458c33f3d2061f54cec427 \
    --hash=sha256:1bc6195825b7dcd217968bb1f801a60fd4c16e8eeab5bedc7fe917d7d5995ab4 \
    --hash=sha256:20aa0e708b920bde876a4aa82dc7dd6ebea228a63a67cda6632c2fc87b787efa \
    --hash=sha256:2581a94056e55d7d0a31a823ea92bf73749c489ca2285bfdc0fbe6b2bb49d50c \
    --hash=sha256:2995c176de7692b86a2e4c58d9ec718f753150a979cb4a754e2b4ffa38e70906 \
    --hash=sha256:2cb93af48550faf1cea04c303107c8b75833de7013e57ce27d3b8d21d8d0f58c \
    --hash=sha256:2d95ddc1eb6914154253d239089900813f6a767e174b8e6a50e7fdacb7e4236c \
    --hash=sha256:3651aa7058595e9cfb75d35dd5ada2bf9f48a5b8a0f3562821d3e210c507e077 \
    --hash=sha256:41bc1199f7523b3f82843c88cbb979180c949caef0342cf90968f178e5d49b01 \
    --hash=sha256:4543579a9bdb0c9560039b4ffddbdb39545707659fbc430ce4c10f3f68d557f9 \
    --hash=sha256:4f34e26a19f91f710c08e0183429f0d1d15df734e6bc78c31e77b9ea9c433658 \
    --hash=sha256:56d8641cf834c2836922899105bd3ce3d0dfc69291d52edf0b4d0436829b34c0 \
    --hash=sha256:7571e4464cb6e434958f867f7f730b8ab0b75e3f8e5eac0499168486ab3c33a8 \
    --hash=sha256:7a2cffd17d27d2ecbb310c2b1d8174f222a5495b1a721894afa88ec11e25b898 \
    --hash=sha256:7ba0480b9a74af058f43b337e937a451e109295c420916d68ad24e3dc02f5e44 \
    --hash=sha256:86bc13c25a8d1fcd70b51d0ce7c9b65e90de5666fcbfd3e34957cc73ee19aeb5 \
    --hash=sha256:8f70d8b291ef6e88d19b1f297a6905ddb978888d9272b0d05e6f53309856bcfc \
    --hash=sha256:8fa585ede612ee9f9e91b18bebf9ba11b9ae29a4e3a0d0cf6fca3e382133f0d5 \
    --hash=sha256:a0f27f01bee51861392bb6b7c4fdb290b27d1eb194e9e28788d68102a0e898d9 \
    --hash=sha256:a204794696ffb8f9b10fba6f7cb5216d42f3b2b71860ccac6b6e42f5f10973b0 \
    --hash=sha256:b141a4891c995a039cd89e9a49e62df1dc8a559a5d1a6e4c7106d16c12777a55 \
    --hash=sha256:b4e77f6a55f858504069abd35d336a637555c09bca453dde1ee1e5ada8a6a1fb \
    --hash=sha256:b974946a10af379d425e2eef5b62f5c6ebeaccf91d45eaad6f5b27ecd4f91aa0 \
    --hash=sha256:bc13eb17538be00c874699dc0abe4ee2bc8d50bb1166a6b9e175ef3fd7eb8f26 \
    --hash=sha256:c525543d91961c6955b2636b308569e84a1d1c5f5f2932041ab9ef46422f43e3 \
    --hash=sha256:c995fba777f1ea992f090f9236e9284cf7a5d1a0130dd5a3d82c598cacd76838 \
    --hash=sha256:ca148d73dea36c9763aaa351e4d7a51780ec1584217c45276f4fe8239c768b71 \
    --hash=sha256:d20029a60a71a052a24c4db7673bc4de39ab89adbaccbfb5d67987c5d73f424d \
    --hash=sha256:d413349d565dab74297f2a63e84a097936be69bf8f3b3801f27f380e32040f44 \
    --hash=sha256:d4a4b147f5dca2a5d325a06a832fb43f345751adfbc63204aec30e0d9ca965a2 \
    --hash=sha256:e53a384f76b631c3ae5334ce6a52f0baa3a911eb94a4eac7f160079868b716d5 \
    --hash=sha256:eb283ee99e21ad6443c8cdb06ac5b34b1308c329cbdf03fa02b445363714c799 \
    --hash=sha256:f155b3a1b2a5fc89cdc70d47ee5d54e3b75e88efa34982028a35daef9ba00379 \
    --hash=sha256:f22943b7770483f6ea0721c6b11d022947a98eb0acae14694de034f4d0d38925 \
    --hash=sha256:f28b2725eb8cce327b9b3ab02415c853011dc55c95832fe90de6bc56f5315f72 \
    --hash=sha256:faea288b6f0ab1902ef08f4ca6de005dccf856c4e0c4f21b8c5fce02d90a1b08 \
    --hash=sha256:fff610d7bb2256a317bb1e96f0d7862c7aa8076733ee5df0fd41bbe76a24a4f4
websockets==17.0.1 \
    --hash=sha256:02ed63bf26dda9fa27df730a41f6664586c4ee05972c8fb667ce1725b3fd13d3 \
    --hash=sha256:07abc3bd196a48af476a82fd47f3f79a6a3f70937a9f930cef703cfa0c9d83b6 \
    --hash=sha256:07d78a509c3333f5908c83d7f78144ea68a6c9ec28110f5c54d81d8fcdc262c4 \
    --hash=sha256:10f461191125c63902ea7394ae9e752b1b5785641850c1d365bb30b0f88bc53f \
    --hash=sha256:18ded646ce98cdd3c0235825b3252f1df55765ba49b616bb10282f758667b4d0 \
    --hash=sha256:1df81d174c1561292de9e40b141cafc04f69077272f6c352afe1d743e20810df \
    --hash=sha256:2604de7228506b13a44a256a9d223943340c0e725af5d367dc068e192b027761 \
    --hash=sha256:2a855b6dfe21c4d3420be265ae031829ba8ba0be0ea350d9f7c3ef30ae63ebe2 \
    --hash=sha256:2b3f3020171202b135ca078e20434977c6b2b02af647130d6980c9e39b9462e3 \
    --hash=sha256:409d93efcaa14f7a99592c5baaef5ec6ca94fba0f5aec1a86f693977c69c9c1c \
    --hash=sha256:41d6aa06b5ab832aee72fedf47a149535b121ac900b6bb4d3fe14712afac9a79 \
    --hash=sha256:4d1d99db29b5444e3982f1ce2ba8a833508ad44b2f1fbd0bd99e81d825c0b461 \
    --hash=sha256:5033ffe6804dd53afafa7d08e8c3eef2d2431f34d58ca30507a8442dd04a033a \
    --hash=sha256:55b12e47dcee83673a40d07686cfb6f9d6dfc285976ade9463f61d2bef3fad22 \
    --hash=sha256:5baa9bc0dfbae8c507e51c8cf1b6d4628086f7a87bbd3a9952bd5f035451f1cc \
    --hash=sha256:6db9e5bf3649ab506c6ae8a3ac85a00fb1ae3816d75962771b2df8adbc5d40d2 \
    --hash=sha256:7002d5f9e1c3ddd991cdfdbfee18cc8c8b196b2445022892badacd6cb338bbbc \
    --hash=sha256:734d20364dc2cfe03674883cafcf580b6e431c5ce42b476312b9285310230cf9 \
    --hash=sha256:759adeb5b0c5775b563254ec63b5b79089fc0045b479143a0b1b8c0ebaae1253 \
    --hash=sha256:769ce7e2acfd9a89f2bed3a9c0da229459516bbc00bd4c9e2ca492c613ae4861 \
    --hash=sha256:846a4a8b0833e3cad57523d9e3bd50ec8ea05ab9d06c582f82a1340ba096af5f \
    --hash=sha256:872273e629ca7e3d35f16a2dc6ede84e1d5c831e616b8277de6e4f83114e7c58 \
    --hash=sha256:8848c207049ad49d318e5f64a3d4d7bb189f8328d0d98e65647788f2a085785c \
    --hash=sha256:8cd3369e42c0246afaf9d669cfc19797e3a49e8c0a639544459c57597108b966 \
    --hash=sha256:90246fa9e6cb192a778ce6ce024057ec54317a894db7899c922dcdc1f4cbf6a5 \
    --hash=sha256:9493314a99e599163c854fb5900ad7f7ea38c5cb9d9103aa30b3c6b8181c01fa \
    --hash=sha256:aadc298969ad229d8e3029fc5cc751fdad286696230f9cf014e90ff9cd8e6ea0 \
    --hash=sha256:b580794e926cab7ff42ee4371ef14e0b22cb2bb722a607f77769136468f49a3f \
    --hash=sha256:bc0bca48ba24c6c866847fd20478a51dd547fa0ad258dab9615c414ec534bbc0 \
    --hash=sha256:c09e097d0e46e3c289bedab9a475ae344b70c30ff5646e46af22b4e6fdc97b21 \
    --hash=sha256:c1bec5d6a19f5fbe87e4940739cfc65e7bb53d8b353e1029b8037a1653b321bc \
    --hash=sha256:c1c118a6b0e25bfc9a6802075d748fa6321714ffbdf3c88d29d9a0e3c7386c75 \
    --hash=sha256:c23e532c8a2325a1e7486de8763a60dc43e83f01bcaeca07e3ba79652c156db1 \
    --hash=sha256:c395bda8e7d8f51a02e80261fb57127979e5c472675d9a96b2860619ad47da48 \
    --hash=sha256:c6be9cba65c65cc76dfa3d4619e359ff02a4476c74e179b215236c11a0b32345 \
    --hash=sha256:cd526c8228e759c1006c4b7c9ac71dc4e925ced1a6a6a5a8e94643709738f63e \
    --hash=sha256:cffc84ddec6da7f447677266fee2a3c40ecc78172f00752aa1150b8a8d65df1d \
    --hash=sha256:e95e321d0d763f2b6633512605f6112ebd70d5746f3ce05c941909d4a25233f2 \
    --hash=sha256:eab6de8a98b9a7772cf686d00b4de439fc7efb8ab05ae106ef227291d06f87c5 \
    --hash=sha256:f11a398d8170b7ac5000baf7f258dcda579ef3ea744e0cc6a165e0dfbc0d3198 \
    --hash=sha256:f47b0815af3948ec6a440b3afa02f05b18cc0939549e91b5c677b5d9c2c8472a \
    --hash=sha256:ffad64ce7ad3703d652a3fd9af26238377d24ce52c6ad8ff35d26d82f61f493f
